
Microsoft Visual Studio Solution File, Format Version 12.00
# Visual Studio Version 16
VisualStudioVersion = 16.0.29519.87
MinimumVisualStudioVersion = 10.0.40219.1
Project("{FAE04EC0-301F-11D3-BF4B-00C04F79EFBC}") = "FilmRate", "FilmRate\FilmRate.csproj", "{5E8CFAAE-4163-4B34-B38A-5FF1EF8C289E}"
EndProject
Global
	GlobalSection(SolutionConfigurationPlatforms) = preSolution
		Debug|Any CPU = Debug|Any CPU
		Release|Any CPU = Release|Any CPU
	EndGlobalSection
	GlobalSection(ProjectConfigurationPlatforms) = postSolution
		{5E8CFAAE-4163-4B34-B38A-5FF1EF8C289E}.Debug|Any CPU.ActiveCfg = Debug|Any CPU
		{5E8CFAAE-4163-4B34-B38A-5FF1EF8C289E}.Debug|Any CPU.Build.0 = Debug|Any CPU
		{5E8CFAAE-4163-4B34-B38A-5FF1EF8C289E}.Release|Any CPU.ActiveCfg = Release|Any CPU
		{5E8CFAAE-4163-4B34-B38A-5FF1EF8C289E}.Release|Any CPU.Build.0 = Release|Any CPU
	EndGlobalSection
	GlobalSection(SolutionProperties) = preSolution
		HideSolutionNode = FALSE
	EndGlobalSection
	GlobalSection(ExtensibilityGlobals) = postSolution
		SolutionGuid = {702A7FF2-16AA-4B23-838A-0DE5EEB54162}
	EndGlobalSection
EndGlobal
